// !$*UTF8*$!
{
	archiveVersion = 1;
	classes = {
	};
	objectVersion = 48;
	objects = {

/* Begin PBXBuildFile section */
		1C110171203E7D610094FF71 /* Geometria.swift in Sources */ = {isa = PBXBuildFile; fileRef = 1C110170203E7D610094FF71 /* Geometria.swift */; };
		1CC4699C20412482003C1436 /* UploadViewController.swift in Sources */ = {isa = PBXBuildFile; fileRef = 1CC4699B20412482003C1436 /* UploadViewController.swift */; };
		1CE3066320400B86005A6082 /* Store.swift in Sources */ = {isa = PBXBuildFile; fileRef = 1CE3066220400B86005A6082 /* Store.swift */; };
		1CFB2BD4203D07F7008C3C57 /* AppDelegate.swift in Sources */ = {isa = PBXBuildFile; fileRef = 1CFB2BD3203D07F7008C3C57 /* AppDelegate.swift */; };
		1CFB2BDB203D07F7008C3C57 /* Assets.xcassets in Resources */ = {isa = PBXBuildFile; fileRef = 1CFB2BDA203D07F7008C3C57 /* Assets.xcassets */; };
		1CFB2BDE203D07F7008C3C57 /* LaunchScreen.storyboard in Resources */ = {isa = PBXBuildFile; fileRef = 1CFB2BDC203D07F7008C3C57 /* LaunchScreen.storyboard */; };
		1CFB2BE9203D07F7008C3C57 /* FaceCaptureTests.swift in Sources */ = {isa = PBXBuildFile; fileRef = 1CFB2BE8203D07F7008C3C57 /* FaceCaptureTests.swift */; };
		1CFB2BF4203D07F7008C3C57 /* FaceCaptureUITests.swift in Sources */ = {isa = PBXBuildFile; fileRef = 1CFB2BF3203D07F7008C3C57 /* FaceCaptureUITests.swift */; };
		1CFB2C04203D0858008C3C57 /* FaceCapture.storyboard in Resources */ = {isa = PBXBuildFile; fileRef = 1CFB2C03203D0858008C3C57 /* FaceCapture.storyboard */; };
		1CFB2C06203D0879008C3C57 /* FaceCaptureViewController.swift in Sources */ = {isa = PBXBuildFile; fileRef = 1CFB2C05203D0879008C3C57 /* FaceCaptureViewController.swift */; };
		1CFB2C09203D0A59008C3C57 /* FactorySession.swift in Sources */ = {isa = PBXBuildFile; fileRef = 1CFB2C08203D0A59008C3C57 /* FactorySession.swift */; };
		1CFB2C0B203D0A8F008C3C57 /* Result.swift in Sources */ = {isa = PBXBuildFile; fileRef = 1CFB2C0A203D0A8F008C3C57 /* Result.swift */; };
		1CFB2C0D203D0B84008C3C57 /* ExtensionCMSampleBuffer.swift in Sources */ = {isa = PBXBuildFile; fileRef = 1CFB2C0C203D0B83008C3C57 /* ExtensionCMSampleBuffer.swift */; };
		1CFB2C0F203D0BAD008C3C57 /* ImageProcessor.swift in Sources */ = {isa = PBXBuildFile; fileRef = 1CFB2C0E203D0BAD008C3C57 /* ImageProcessor.swift */; };
/* End PBXBuildFile section */

/* Begin PBXContainerItemProxy section */
		1CFB2BE5203D07F7008C3C57 /* PBXContainerItemProxy */ = {
			isa = PBXContainerItemProxy;
			containerPortal = 1CFB2BC8203D07F7008C3C57 /* Project object */;
			proxyType = 1;
			remoteGlobalIDString = 1CFB2BCF203D07F7008C3C57;
			remoteInfo = FaceCapture;
		};
		1CFB2BF0203D07F7008C3C57 /* PBXContainerItemProxy */ = {
			isa = PBXContainerItemProxy;
			containerPortal = 1CFB2BC8203D07F7008C3C57 /* Project object */;
			proxyType = 1;
			remoteGlobalIDString = 1CFB2BCF203D07F7008C3C57;
			remoteInfo = FaceCapture;
		};
/* End PBXContainerItemProxy section */

/* Begin PBXFileReference section */
		1C110170203E7D610094FF71 /* Geometria.swift */ = {isa = PBXFileReference; lastKnownFileType = sourcecode.swift; path = Geometria.swift; sourceTree = "<group>"; };
		1CC4699B20412482003C1436 /* UploadViewController.swift */ = {isa = PBXFileReference; lastKnownFileType = sourcecode.swift; path = UploadViewController.swift; sourceTree = "<group>"; };
		1CE3066220400B86005A6082 /* Store.swift */ = {isa = PBXFileReference; fileEncoding = 4; lastKnownFileType = sourcecode.swift; path = Store.swift; sourceTree = "<group>"; };
		1CFB2BD0203D07F7008C3C57 /* FaceCapture.app */ = {isa = PBXFileReference; explicitFileType = wrapper.application; includeInIndex = 0; path = FaceCapture.app; sourceTree = BUILT_PRODUCTS_DIR; };
		1CFB2BD3203D07F7008C3C57 /* AppDelegate.swift */ = {isa = PBXFileReference; lastKnownFileType = sourcecode.swift; path = AppDelegate.swift; sourceTree = "<group>"; };
		1CFB2BDA203D07F7008C3C57 /* Assets.xcassets */ = {isa = PBXFileReference; lastKnownFileType = folder.assetcatalog; path = Assets.xcassets; sourceTree = "<group>"; };
		1CFB2BDD203D07F7008C3C57 /* Base */ = {isa = PBXFileReference; lastKnownFileType = file.storyboard; name = Base; path = Base.lproj/LaunchScreen.storyboard; sourceTree = "<group>"; };
		1CFB2BDF203D07F7008C3C57 /* Info.plist */ = {isa = PBXFileReference; lastKnownFileType = text.plist.xml; path = Info.plist; sourceTree = "<group>"; };
		1CFB2BE4203D07F7008C3C57 /* FaceCaptureTests.xctest */ = {isa = PBXFileReference; explicitFileType = wrapper.cfbundle; includeInIndex = 0; path = FaceCaptureTests.xctest; sourceTree = BUILT_PRODUCTS_DIR; };
		1CFB2BE8203D07F7008C3C57 /* FaceCaptureTests.swift */ = {isa = PBXFileReference; lastKnownFileType = sourcecode.swift; path = FaceCaptureTests.swift; sourceTree = "<group>"; };
		1CFB2BEA203D07F7008C3C57 /* Info.plist */ = {isa = PBXFileReference; lastKnownFileType = text.plist.xml; path = Info.plist; sourceTree = "<group>"; };
		1CFB2BEF203D07F7008C3C57 /* FaceCaptureUITests.xctest */ = {isa = PBXFileReference; explicitFileType = wrapper.cfbundle; includeInIndex = 0; path = FaceCaptureUITests.xctest; sourceTree = BUILT_PRODUCTS_DIR; };
		1CFB2BF3203D07F7008C3C57 /* FaceCaptureUITests.swift */ = {isa = PBXFileReference; lastKnownFileType = sourcecode.swift; path = FaceCaptureUITests.swift; sourceTree = "<group>"; };
		1CFB2BF5203D07F7008C3C57 /* Info.plist */ = {isa = PBXFileReference; lastKnownFileType = text.plist.xml; path = Info.plist; sourceTree = "<group>"; };
		1CFB2C03203D0858008C3C57 /* FaceCapture.storyboard */ = {isa = PBXFileReference; lastKnownFileType = file.storyboard; path = FaceCapture.storyboard; sourceTree = "<group>"; };
		1CFB2C05203D0879008C3C57 /* FaceCaptureViewController.swift */ = {isa = PBXFileReference; lastKnownFileType = sourcecode.swift; path = FaceCaptureViewController.swift; sourceTree = "<group>"; };
		1CFB2C08203D0A59008C3C57 /* FactorySession.swift */ = {isa = PBXFileReference; fileEncoding = 4; lastKnownFileType = sourcecode.swift; path = FactorySession.swift; sourceTree = "<group>"; };
		1CFB2C0A203D0A8F008C3C57 /* Result.swift */ = {isa = PBXFileReference; fileEncoding = 4; lastKnownFileType = sourcecode.swift; path = Result.swift; sourceTree = "<group>"; };
		1CFB2C0C203D0B83008C3C57 /* ExtensionCMSampleBuffer.swift */ = {isa = PBXFileReference; fileEncoding = 4; lastKnownFileType = sourcecode.swift; path = ExtensionCMSampleBuffer.swift; sourceTree = "<group>"; };
		1CFB2C0E203D0BAD008C3C57 /* ImageProcessor.swift */ = {isa = PBXFileReference; fileEncoding = 4; lastKnownFileType = sourcecode.swift; path = ImageProcessor.swift; sourceTree = "<group>"; };
/* End PBXFileReference section */

/* Begin PBXFrameworksBuildPhase section */
		1CFB2BCD203D07F7008C3C57 /* Frameworks */ = {
			isa = PBXFrameworksBuildPhase;
			buildActionMask = 2147483647;
			files = (
			);
			runOnlyForDeploymentPostprocessing = 0;
		};
		1CFB2BE1203D07F7008C3C57 /* Frameworks */ = {
			isa = PBXFrameworksBuildPhase;
			buildActionMask = 2147483647;
			files = (
			);
			runOnlyForDeploymentPostprocessing = 0;
		};
		1CFB2BEC203D07F7008C3C57 /* Frameworks */ = {
			isa = PBXFrameworksBuildPhase;
			buildActionMask = 2147483647;
			files = (
			);
			runOnlyForDeploymentPostprocessing = 0;
		};
/* End PBXFrameworksBuildPhase section */

/* Begin PBXGroup section */
		1CFB2BC7203D07F7008C3C57 = {
			isa = PBXGroup;
			children = (
				1CFB2BD2203D07F7008C3C57 /* FaceCapture */,
				1CFB2BE7203D07F7008C3C57 /* FaceCaptureTests */,
				1CFB2BF2203D07F7008C3C57 /* FaceCaptureUITests */,
				1CFB2BD1203D07F7008C3C57 /* Products */,
			);
			sourceTree = "<group>";
		};
		1CFB2BD1203D07F7008C3C57 /* Products */ = {
			isa = PBXGroup;
			children = (
				1CFB2BD0203D07F7008C3C57 /* FaceCapture.app */,
				1CFB2BE4203D07F7008C3C57 /* FaceCaptureTests.xctest */,
				1CFB2BEF203D07F7008C3C57 /* FaceCaptureUITests.xctest */,
			);
			name = Products;
			sourceTree = "<group>";
		};
		1CFB2BD2203D07F7008C3C57 /* FaceCapture */ = {
			isa = PBXGroup;
			children = (
				1CFB2C07203D0A46008C3C57 /* Model */,
				1CFB2C02203D0824008C3C57 /* View */,
				1CFB2C01203D0812008C3C57 /* ViewController */,
				1CFB2BD3203D07F7008C3C57 /* AppDelegate.swift */,
				1CFB2BDA203D07F7008C3C57 /* Assets.xcassets */,
				1CFB2BDF203D07F7008C3C57 /* Info.plist */,
			);
			path = FaceCapture;
			sourceTree = "<group>";
		};
		1CFB2BE7203D07F7008C3C57 /* FaceCaptureTests */ = {
			isa = PBXGroup;
			children = (
				1CFB2BE8203D07F7008C3C57 /* FaceCaptureTests.swift */,
				1CFB2BEA203D07F7008C3C57 /* Info.plist */,
			);
			path = FaceCaptureTests;
			sourceTree = "<group>";
		};
		1CFB2BF2203D07F7008C3C57 /* FaceCaptureUITests */ = {
			isa = PBXGroup;
			children = (
				1CFB2BF3203D07F7008C3C57 /* FaceCaptureUITests.swift */,
				1CFB2BF5203D07F7008C3C57 /* Info.plist */,
			);
			path = FaceCaptureUITests;
			sourceTree = "<group>";
		};
		1CFB2C01203D0812008C3C57 /* ViewController */ = {
			isa = PBXGroup;
			children = (
				1CFB2C05203D0879008C3C57 /* FaceCaptureViewController.swift */,
				1CC4699B20412482003C1436 /* UploadViewController.swift */,
			);
			path = ViewController;
			sourceTree = "<group>";
		};
		1CFB2C02203D0824008C3C57 /* View */ = {
			isa = PBXGroup;
			children = (
				1CFB2BDC203D07F7008C3C57 /* LaunchScreen.storyboard */,
				1CFB2C03203D0858008C3C57 /* FaceCapture.storyboard */,
			);
			path = View;
			sourceTree = "<group>";
		};
		1CFB2C07203D0A46008C3C57 /* Model */ = {
			isa = PBXGroup;
			children = (
				1CFB2C0A203D0A8F008C3C57 /* Result.swift */,
				1CFB2C08203D0A59008C3C57 /* FactorySession.swift */,
				1CFB2C0C203D0B83008C3C57 /* ExtensionCMSampleBuffer.swift */,
				1CFB2C0E203D0BAD008C3C57 /* ImageProcessor.swift */,
				1C110170203E7D610094FF71 /* Geometria.swift */,
				1CE3066220400B86005A6082 /* Store.swift */,
			);
			path = Model;
			sourceTree = "<group>";
		};
/* End PBXGroup section */

/* Begin PBXNativeTarget section */
		1CFB2BCF203D07F7008C3C57 /* FaceCapture */ = {
			isa = PBXNativeTarget;
			buildConfigurationList = 1CFB2BF8203D07F7008C3C57 /* Build configuration list for PBXNativeTarget "FaceCapture" */;
			buildPhases = (
				1CFB2BCC203D07F7008C3C57 /* Sources */,
				1CFB2BCD203D07F7008C3C57 /* Frameworks */,
				1CFB2BCE203D07F7008C3C57 /* Resources */,
			);
			buildRules = (
			);
			dependencies = (
			);
			name = FaceCapture;
			productName = FaceCapture;
			productReference = 1CFB2BD0203D07F7008C3C57 /* FaceCapture.app */;
			productType = "com.apple.product-type.application";
		};
		1CFB2BE3203D07F7008C3C57 /* FaceCaptureTests */ = {
			isa = PBXNativeTarget;
			buildConfigurationList = 1CFB2BFB203D07F7008C3C57 /* Build configuration list for PBXNativeTarget "FaceCaptureTests" */;
			buildPhases = (
				1CFB2BE0203D07F7008C3C57 /* Sources */,
				1CFB2BE1203D07F7008C3C57 /* Frameworks */,
				1CFB2BE2203D07F7008C3C57 /* Resources */,
			);
			buildRules = (
			);
			dependencies = (
				1CFB2BE6203D07F7008C3C57 /* PBXTargetDependency */,
			);
			name = FaceCaptureTests;
			productName = FaceCaptureTests;
			productReference = 1CFB2BE4203D07F7008C3C57 /* FaceCaptureTests.xctest */;
			productType = "com.apple.product-type.bundle.unit-test";
		};
		1CFB2BEE203D07F7008C3C57 /* FaceCaptureUITests */ = {
			isa = PBXNativeTarget;
			buildConfigurationList = 1CFB2BFE203D07F7008C3C57 /* Build configuration list for PBXNativeTarget "FaceCaptureUITests" */;
			buildPhases = (
				1CFB2BEB203D07F7008C3C57 /* Sources */,
				1CFB2BEC203D07F7008C3C57 /* Frameworks */,
				1CFB2BED203D07F7008C3C57 /* Resources */,
			);
			buildRules = (
			);
			dependencies = (
				1CFB2BF1203D07F7008C3C57 /* PBXTargetDependency */,
			);
			name = FaceCaptureUITests;
			productName = FaceCaptureUITests;
			productReference = 1CFB2BEF203D07F7008C3C57 /* FaceCaptureUITests.xctest */;
			productType = "com.apple.product-type.bundle.ui-testing";
		};
/* End PBXNativeTarget section */

/* Begin PBXProject section */
		1CFB2BC8203D07F7008C3C57 /* Project object */ = {
			isa = PBXProject;
			attributes = {
				LastSwiftUpdateCheck = 0920;
				LastUpgradeCheck = 0920;
				ORGANIZATIONNAME = osu;
				TargetAttributes = {
					1CFB2BCF203D07F7008C3C57 = {
						CreatedOnToolsVersion = 9.2;
						ProvisioningStyle = Automatic;
					};
					1CFB2BE3203D07F7008C3C57 = {
						CreatedOnToolsVersion = 9.2;
						ProvisioningStyle = Automatic;
						TestTargetID = 1CFB2BCF203D07F7008C3C57;
					};
					1CFB2BEE203D07F7008C3C57 = {
						CreatedOnToolsVersion = 9.2;
						ProvisioningStyle = Automatic;
						TestTargetID = 1CFB2BCF203D07F7008C3C57;
					};
				};
			};
			buildConfigurationList = 1CFB2BCB203D07F7008C3C57 /* Build configuration list for PBXProject "FaceCapture" */;
			compatibilityVersion = "Xcode 8.0";
			developmentRegion = en;
			hasScannedForEncodings = 0;
			knownRegions = (
				en,
				Base,
			);
			mainGroup = 1CFB2BC7203D07F7008C3C57;
			productRefGroup = 1CFB2BD1203D07F7008C3C57 /* Products */;
			projectDirPath = "";
			projectRoot = "";
			targets = (
				1CFB2BCF203D07F7008C3C57 /* FaceCapture */,
				1CFB2BE3203D07F7008C3C57 /* FaceCaptureTests */,
				1CFB2BEE203D07F7008C3C57 /* FaceCaptureUITests */,
			);
		};
/* End PBXProject section */

/* Begin PBXResourcesBuildPhase section */
		1CFB2BCE203D07F7008C3C57 /* Resources */ = {
			isa = PBXResourcesBuildPhase;
			buildActionMask = 2147483647;
			files = (
				1CFB2C04203D0858008C3C57 /* FaceCapture.storyboard in Resources */,
				1CFB2BDE203D07F7008C3C57 /* LaunchScreen.storyboard in Resources */,
				1CFB2BDB203D07F7008C3C57 /* Assets.xcassets in Resources */,
			);
			runOnlyForDeploymentPostprocessing = 0;
		};
		1CFB2BE2203D07F7008C3C57 /* Resources */ = {
			isa = PBXResourcesBuildPhase;
			buildActionMask = 2147483647;
			files = (
			);
			runOnlyForDeploymentPostprocessing = 0;
		};
		1CFB2BED203D07F7008C3C57 /* Resources */ = {
			isa = PBXResourcesBuildPhase;
			buildActionMask = 2147483647;
			files = (
			);
			runOnlyForDeploymentPostprocessing = 0;
		};
/* End PBXResourcesBuildPhase section */

/* Begin PBXSourcesBuildPhase section */
		1CFB2BCC203D07F7008C3C57 /* Sources */ = {
			isa = PBXSourcesBuildPhase;
			buildActionMask = 2147483647;
			files = (
				1CFB2C0B203D0A8F008C3C57 /* Result.swift in Sources */,
				1C110171203E7D610094FF71 /* Geometria.swift in Sources */,
				1CFB2BD4203D07F7008C3C57 /* AppDelegate.swift in Sources */,
				1CE3066320400B86005A6082 /* Store.swift in Sources */,
				1CC4699C20412482003C1436 /* UploadViewController.swift in Sources */,
				1CFB2C06203D0879008C3C57 /* FaceCaptureViewController.swift in Sources */,
				1CFB2C0F203D0BAD008C3C57 /* ImageProcessor.swift in Sources */,
				1CFB2C09203D0A59008C3C57 /* FactorySession.swift in Sources */,
				1CFB2C0D203D0B84008C3C57 /* ExtensionCMSampleBuffer.swift in Sources */,
			);
			runOnlyForDeploymentPostprocessing = 0;
		};
		1CFB2BE0203D07F7008C3C57 /* Sources */ = {
			isa = PBXSourcesBuildPhase;
			buildActionMask = 2147483647;
			files = (
				1CFB2BE9203D07F7008C3C57 /* FaceCaptureTests.swift in Sources */,
			);
			runOnlyForDeploymentPostprocessing = 0;
		};
		1CFB2BEB203D07F7008C3C57 /* Sources */ = {
			isa = PBXSourcesBuildPhase;
			buildActionMask = 2147483647;
			files = (
				1CFB2BF4203D07F7008C3C57 /* FaceCaptureUITests.swift in Sources */,
			);
			runOnlyForDeploymentPostprocessing = 0;
		};
/* End PBXSourcesBuildPhase section */

/* Begin PBXTargetDependency section */
		1CFB2BE6203D07F7008C3C57 /* PBXTargetDependency */ = {
			isa = PBXTargetDependency;
			target = 1CFB2BCF203D07F7008C3C57 /* FaceCapture */;
			targetProxy = 1CFB2BE5203D07F7008C3C57 /* PBXContainerItemProxy */;
		};
		1CFB2BF1203D07F7008C3C57 /* PBXTargetDependency */ = {
			isa = PBXTargetDependency;
			target = 1CFB2BCF203D07F7008C3C57 /* FaceCapture */;
			targetProxy = 1CFB2BF0203D07F7008C3C57 /* PBXContainerItemProxy */;
		};
/* End PBXTargetDependency section */

/* Begin PBXVariantGroup section */
		1CFB2BDC203D07F7008C3C57 /* LaunchScreen.storyboard */ = {
			isa = PBXVariantGroup;
			children = (
				1CFB2BDD203D07F7008C3C57 /* Base */,
			);
			name = LaunchScreen.storyboard;
			sourceTree = "<group>";
		};
/* End PBXVariantGroup section */

/* Begin XCBuildConfiguration section */
		1CFB2BF6203D07F7008C3C57 /* Debug */ = {
			isa = XCBuildConfiguration;
			buildSettings = {
				ALWAYS_SEARCH_USER_PATHS = NO;
				CLANG_ANALYZER_NONNULL = YES;
				CLANG_ANALYZER_NUMBER_OBJECT_CONVERSION = YES_AGGRESSIVE;
				CLANG_CXX_LANGUAGE_STANDARD = "gnu++14";
				CLANG_CXX_LIBRARY = "libc++";
				CLANG_ENABLE_MODULES = YES;
				CLANG_ENABLE_OBJC_ARC = YES;
				CLANG_WARN_BLOCK_CAPTURE_AUTORELEASING = YES;
				CLANG_WARN_BOOL_CONVERSION = YES;
				CLANG_WARN_COMMA = YES;
				CLANG_WARN_CONSTANT_CONVERSION = YES;
				CLANG_WARN_DIRECT_OBJC_ISA_USAGE = YES_ERROR;
				CLANG_WARN_DOCUMENTATION_COMMENTS = YES;
				CLANG_WARN_EMPTY_BODY = YES;
				CLANG_WARN_ENUM_CONVERSION = YES;
				CLANG_WARN_INFINITE_RECURSION = YES;
				CLANG_WARN_INT_CONVERSION = YES;
				CLANG_WARN_NON_LITERAL_NULL_CONVERSION = YES;
				CLANG_WARN_OBJC_LITERAL_CONVERSION = YES;
				CLANG_WARN_OBJC_ROOT_CLASS = YES_ERROR;
				CLANG_WARN_RANGE_LOOP_ANALYSIS = YES;
				CLANG_WARN_STRICT_PROTOTYPES = YES;
				CLANG_WARN_SUSPICIOUS_MOVE = YES;
				CLANG_WARN_UNGUARDED_AVAILABILITY = YES_AGGRESSIVE;
				CLANG_WARN_UNREACHABLE_CODE = YES;
				CLANG_WARN__DUPLICATE_METHOD_MATCH = YES;
				CODE_SIGN_IDENTITY = "iPhone Developer";
				COPY_PHASE_STRIP = NO;
				DEBUG_INFORMATION_FORMAT = dwarf;
				ENABLE_STRICT_OBJC_MSGSEND = YES;
				ENABLE_TESTABILITY = YES;
				GCC_C_LANGUAGE_STANDARD = gnu11;
				GCC_DYNAMIC_NO_PIC = NO;
				GCC_NO_COMMON_BLOCKS = YES;
				GCC_OPTIMIZATION_LEVEL = 0;
				GCC_PREPROCESSOR_DEFINITIONS = (
					"DEBUG=1",
					"$(inherited)",
				);
				GCC_WARN_64_TO_32_BIT_CONVERSION = YES;
				GCC_WARN_ABOUT_RETURN_TYPE = YES_ERROR;
				GCC_WARN_UNDECLARED_SELECTOR = YES;
				GCC_WARN_UNINITIALIZED_AUTOS = YES_AGGRESSIVE;
				GCC_WARN_UNUSED_FUNCTION = YES;
				GCC_WARN_UNUSED_VARIABLE = YES;
				IPHONEOS_DEPLOYMENT_TARGET = 11.2;
				MTL_ENABLE_DEBUG_INFO = YES;
				ONLY_ACTIVE_ARCH = YES;
				SDKROOT = iphoneos;
				SWIFT_ACTIVE_COMPILATION_CONDITIONS = DEBUG;
				SWIFT_OPTIMIZATION_LEVEL = "-Onone";
			};
			name = Debug;
		};
		1CFB2BF7203D07F7008C3C57 /* Release */ = {
			isa = XCBuildConfiguration;
			buildSettings = {
				ALWAYS_SEARCH_USER_PATHS = NO;
				CLANG_ANALYZER_NONNULL = YES;
				CLANG_ANALYZER_NUMBER_OBJECT_CONVERSION = YES_AGGRESSIVE;
				CLANG_CXX_LANGUAGE_STANDARD = "gnu++14";
				CLANG_CXX_LIBRARY = "libc++";
				CLANG_ENABLE_MODULES = YES;
				CLANG_ENABLE_OBJC_ARC = YES;
				CLANG_WARN_BLOCK_CAPTURE_AUTORELEASING = YES;
				CLANG_WARN_BOOL_CONVERSION = YES;
				CLANG_WARN_COMMA = YES;
				CLANG_WARN_CONSTANT_CONVERSION = YES;
				CLANG_WARN_DIRECT_OBJC_ISA_USAGE = YES_ERROR;
				CLANG_WARN_DOCUMENTATION_COMMENTS = YES;
				CLANG_WARN_EMPTY_BODY = YES;
				CLANG_WARN_ENUM_CONVERSION = YES;
				CLANG_WARN_INFINITE_RECURSION = YES;
				CLANG_WARN_INT_CONVERSION = YES;
				CLANG_WARN_NON_LITERAL_NULL_CONVERSION = YES;
				CLANG_WARN_OBJC_LITERAL_CONVERSION = YES;
				CLANG_WARN_OBJC_ROOT_CLASS = YES_ERROR;
				CLANG_WARN_RANGE_LOOP_ANALYSIS = YES;
				CLANG_WARN_STRICT_PROTOTYPES = YES;
				CLANG_WARN_SUSPICIOUS_MOVE = YES;
				CLANG_WARN_UNGUARDED_AVAILABILITY = YES_AGGRESSIVE;
				CLANG_WARN_UNREACHABLE_CODE = YES;
				CLANG_WARN__DUPLICATE_METHOD_MATCH = YES;
				CODE_SIGN_IDENTITY = "iPhone Developer";
				COPY_PHASE_STRIP = NO;
				DEBUG_INFORMATION_FORMAT = "dwarf-with-dsym";
				ENABLE_NS_ASSERTIONS = NO;
				ENABLE_STRICT_OBJC_MSGSEND = YES;
				GCC_C_LANGUAGE_STANDARD = gnu11;
				GCC_NO_COMMON_BLOCKS = YES;
				GCC_WARN_64_TO_32_BIT_CONVERSION = YES;
				GCC_WARN_ABOUT_RETURN_TYPE = YES_ERROR;
				GCC_WARN_UNDECLARED_SELECTOR = YES;
				GCC_WARN_UNINITIALIZED_AUTOS = YES_AGGRESSIVE;
				GCC_WARN_UNUSED_FUNCTION = YES;
				GCC_WARN_UNUSED_VARIABLE = YES;
				IPHONEOS_DEPLOYMENT_TARGET = 11.2;
				MTL_ENABLE_DEBUG_INFO = NO;
				SDKROOT = iphoneos;
				SWIFT_OPTIMIZATION_LEVEL = "-Owholemodule";
				VALIDATE_PRODUCT = YES;
			};
			name = Release;
		};
		1CFB2BF9203D07F7008C3C57 /* Debug */ = {
			isa = XCBuildConfiguration;
			buildSettings = {
				ASSETCATALOG_COMPILER_APPICON_NAME = AppIcon;
				CODE_SIGN_STYLE = Automatic;
				DEVELOPMENT_TEAM = Q4N56BM5RN;
				INFOPLIST_FILE = FaceCapture/Info.plist;
				LD_RUNPATH_SEARCH_PATHS = "$(inherited) @executable_path/Frameworks";
				PRODUCT_BUNDLE_IDENTIFIER = com.liquid.FaceCapture;
				PRODUCT_NAME = "$(TARGET_NAME)";
				SWIFT_VERSION = 4.0;
				TARGETED_DEVICE_FAMILY = "1,2";
			};
			name = Debug;
		};
		1CFB2BFA203D07F7008C3C57 /* Release */ = {
			isa = XCBuildConfiguration;
			buildSettings = {
				ASSETCATALOG_COMPILER_APPICON_NAME = AppIcon;
				CODE_SIGN_STYLE = Automatic;
				DEVELOPMENT_TEAM = Q4N56BM5RN;
				INFOPLIST_FILE = FaceCapture/Info.plist;
				LD_RUNPATH_SEARCH_PATHS = "$(inherited) @executable_path/Frameworks";
				PRODUCT_BUNDLE_IDENTIFIER = com.liquid.FaceCapture;
				PRODUCT_NAME = "$(TARGET_NAME)";
				SWIFT_VERSION = 4.0;
				TARGETED_DEVICE_FAMILY = "1,2";
			};
			name = Release;
		};
		1CFB2BFC203D07F7008C3C57 /* Debug */ = {
			isa = XCBuildConfiguration;
			buildSettings = {
				ALWAYS_EMBED_SWIFT_STANDARD_LIBRARIES = YES;
				BUNDLE_LOADER = "$(TEST_HOST)";
				CODE_SIGN_STYLE = Automatic;
				DEVELOPMENT_TEAM = Q4N56BM5RN;
				INFOPLIST_FILE = FaceCaptureTests/Info.plist;
				LD_RUNPATH_SEARCH_PATHS = "$(inherited) @executable_path/Frameworks @loader_path/Frameworks";
				PRODUCT_BUNDLE_IDENTIFIER = com.liquid.FaceCaptureTests;
				PRODUCT_NAME = "$(TARGET_NAME)";
				SWIFT_VERSION = 4.0;
				TARGETED_DEVICE_FAMILY = "1,2";
				TEST_HOST = "$(BUILT_PRODUCTS_DIR)/FaceCapture.app/FaceCapture";
			};
			name = Debug;
		};
		1CFB2BFD203D07F7008C3C57 /* Release */ = {
			isa = XCBuildConfiguration;
			buildSettings = {
				ALWAYS_EMBED_SWIFT_STANDARD_LIBRARIES = YES;
				BUNDLE_LOADER = "$(TEST_HOST)";
				CODE_SIGN_STYLE = Automatic;
				DEVELOPMENT_TEAM = Q4N56BM5RN;
				INFOPLIST_FILE = FaceCaptureTests/Info.plist;
				LD_RUNPATH_SEARCH_PATHS = "$(inherited) @executable_path/Frameworks @loader_path/Frameworks";
				PRODUCT_BUNDLE_IDENTIFIER = com.liquid.FaceCaptureTests;
				PRODUCT_NAME = "$(TARGET_NAME)";
				SWIFT_VERSION = 4.0;
				TARGETED_DEVICE_FAMILY = "1,2";
				TEST_HOST = "$(BUILT_PRODUCTS_DIR)/FaceCapture.app/FaceCapture";
			};
			name = Release;
		};
		1CFB2BFF203D07F7008C3C57 /* Debug */ = {
			isa = XCBuildConfiguration;
			buildSettings = {
				ALWAYS_EMBED_SWIFT_STANDARD_LIBRARIES = YES;
				CODE_SIGN_STYLE = Automatic;
				DEVELOPMENT_TEAM = Q4N56BM5RN;
				INFOPLIST_FILE = FaceCaptureUITests/Info.plist;
				LD_RUNPATH_SEARCH_PATHS = "$(inherited) @executable_path/Frameworks @loader_path/Frameworks";
				PRODUCT_BUNDLE_IDENTIFIER = com.liquid.FaceCaptureUITests;
				PRODUCT_NAME = "$(TARGET_NAME)";
				SWIFT_VERSION = 4.0;
				TARGETED_DEVICE_FAMILY = "1,2";
				TEST_TARGET_NAME = FaceCapture;
			};
			name = Debug;
		};
		1CFB2C00203D07F7008C3C57 /* Release */ = {
			isa = XCBuildConfiguration;
			buildSettings = {
				ALWAYS_EMBED_SWIFT_STANDARD_LIBRARIES = YES;
				CODE_SIGN_STYLE = Automatic;
				DEVELOPMENT_TEAM = Q4N56BM5RN;
				INFOPLIST_FILE = FaceCaptureUITests/Info.plist;
				LD_RUNPATH_SEARCH_PATHS = "$(inherited) @executable_path/Frameworks @loader_path/Frameworks";
				PRODUCT_BUNDLE_IDENTIFIER = com.liquid.FaceCaptureUITests;
				PRODUCT_NAME = "$(TARGET_NAME)";
				SWIFT_VERSION = 4.0;
				TARGETED_DEVICE_FAMILY = "1,2";
				TEST_TARGET_NAME = FaceCapture;
			};
			name = Release;
		};
/* End XCBuildConfiguration section */

/* Begin XCConfigurationList section */
		1CFB2BCB203D07F7008C3C57 /* Build configuration list for PBXProject "FaceCapture" */ = {
			isa = XCConfigurationList;
			buildConfigurations = (
				1CFB2BF6203D07F7008C3C57 /* Debug */,
				1CFB2BF7203D07F7008C3C57 /* Release */,
			);
			defaultConfigurationIsVisible = 0;
			defaultConfigurationName = Release;
		};
		1CFB2BF8203D07F7008C3C57 /* Build configuration list for PBXNativeTarget "FaceCapture" */ = {
			isa = XCConfigurationList;
			buildConfigurations = (
				1CFB2BF9203D07F7008C3C57 /* Debug */,
				1CFB2BFA203D07F7008C3C57 /* Release */,
			);
			defaultConfigurationIsVisible = 0;
			defaultConfigurationName = Release;
		};
		1CFB2BFB203D07F7008C3C57 /* Build configuration list for PBXNativeTarget "FaceCaptureTests" */ = {
			isa = XCConfigurationList;
			buildConfigurations = (
				1CFB2BFC203D07F7008C3C57 /* Debug */,
				1CFB2BFD203D07F7008C3C57 /* Release */,
			);
			defaultConfigurationIsVisible = 0;
			defaultConfigurationName = Release;
		};
		1CFB2BFE203D07F7008C3C57 /* Build configuration list for PBXNativeTarget "FaceCaptureUITests" */ = {
			isa = XCConfigurationList;
			buildConfigurations = (
				1CFB2BFF203D07F7008C3C57 /* Debug */,
				1CFB2C00203D07F7008C3C57 /* Release */,
			);
			defaultConfigurationIsVisible = 0;
			defaultConfigurationName = Release;
		};
/* End XCConfigurationList section */
	};
	rootObject = 1CFB2BC8203D07F7008C3C57 /* Project object */;
}
